
Microsoft Visual Studio Solution File, Format Version 9.00
# Visual Studio 2005
Project("{FAE04EC0-301F-11D3-BF4B-00C04F79EFBC}") = "dbus2cs", "dbus2cs\dbus2cs.csproj", "{AB4591D7-F35C-49CF-BC3A-64C6A7009EC1}"
EndProject
Global
	GlobalSection(SolutionConfigurationPlatforms) = preSolution
		Debug|Any CPU = Debug|Any CPU
		Release|Any CPU = Release|Any CPU
	EndGlobalSection
	GlobalSection(ProjectConfigurationPlatforms) = postSolution
		{AB4591D7-F35C-49CF-BC3A-64C6A7009EC1}.Debug|Any CPU.ActiveCfg = Debug|Any CPU
		{AB4591D7-F35C-49CF-BC3A-64C6A7009EC1}.Debug|Any CPU.Build.0 = Debug|Any CPU
		{AB4591D7-F35C-49CF-BC3A-64C6A7009EC1}.Release|Any CPU.ActiveCfg = Release|Any CPU
		{AB4591D7-F35C-49CF-BC3A-64C6A7009EC1}.Release|Any CPU.Build.0 = Release|Any CPU
	EndGlobalSection
	GlobalSection(SolutionProperties) = preSolution
		HideSolutionNode = FALSE
	EndGlobalSection
EndGlobal
